// !$*UTF8*$!
{
	archiveVersion = 1;
	classes = {
	};
	objectVersion = 55;
	objects = {

/* Begin PBXBuildFile section */
		E24EE2AA27B3AF9500503EF0 /* Kisiler.swift in Sources */ = {isa = PBXBuildFile; fileRef = E24EE2A927B3AF9500503EF0 /* Kisiler.swift */; };
		E24EE2AC27B3AFEA00503EF0 /* KisilerDao.swift in Sources */ = {isa = PBXBuildFile; fileRef = E24EE2AB27B3AFEA00503EF0 /* KisilerDao.swift */; };
		E24EE2BC27B3B4C500503EF0 /* FMDatabasePool.m in Sources */ = {isa = PBXBuildFile; fileRef = E24EE2B127B3B4C500503EF0 /* FMDatabasePool.m */; };
		E24EE2BD27B3B4C500503EF0 /* FMDatabaseQueue.m in Sources */ = {isa = PBXBuildFile; fileRef = E24EE2B327B3B4C500503EF0 /* FMDatabaseQueue.m */; };
		E24EE2BE27B3B4C500503EF0 /* FMResultSet.m in Sources */ = {isa = PBXBuildFile; fileRef = E24EE2B427B3B4C500503EF0 /* FMResultSet.m */; };
		E24EE2BF27B3B4C500503EF0 /* FMDatabaseAdditions.m in Sources */ = {isa = PBXBuildFile; fileRef = E24EE2B827B3B4C500503EF0 /* FMDatabaseAdditions.m */; };
		E24EE2C027B3B4C500503EF0 /* FMDatabase.m in Sources */ = {isa = PBXBuildFile; fileRef = E24EE2BB27B3B4C500503EF0 /* FMDatabase.m */; };
		E24EE2C227B3B4E600503EF0 /* kisiler.sqlite in Resources */ = {isa = PBXBuildFile; fileRef = E24EE2C127B3B4E600503EF0 /* kisiler.sqlite */; };
		E27EBA8E27B151A200FA7D46 /* AppDelegate.swift in Sources */ = {isa = PBXBuildFile; fileRef = E27EBA8D27B151A200FA7D46 /* AppDelegate.swift */; };
		E27EBA9027B151A200FA7D46 /* SceneDelegate.swift in Sources */ = {isa = PBXBuildFile; fileRef = E27EBA8F27B151A200FA7D46 /* SceneDelegate.swift */; };
		E27EBA9227B151A200FA7D46 /* ViewController.swift in Sources */ = {isa = PBXBuildFile; fileRef = E27EBA9127B151A200FA7D46 /* ViewController.swift */; };
		E27EBA9527B151A200FA7D46 /* Main.storyboard in Resources */ = {isa = PBXBuildFile; fileRef = E27EBA9327B151A200FA7D46 /* Main.storyboard */; };
		E27EBA9A27B151A200FA7D46 /* Assets.xcassets in Resources */ = {isa = PBXBuildFile; fileRef = E27EBA9927B151A200FA7D46 /* Assets.xcassets */; };
		E27EBA9D27B151A200FA7D46 /* LaunchScreen.storyboard in Resources */ = {isa = PBXBuildFile; fileRef = E27EBA9B27B151A200FA7D46 /* LaunchScreen.storyboard */; };
		E27EBAA527B1528A00FA7D46 /* ContactTableViewCell.swift in Sources */ = {isa = PBXBuildFile; fileRef = E27EBAA427B1528A00FA7D46 /* ContactTableViewCell.swift */; };
		E27EBAA727B1542200FA7D46 /* AddContactViewController.swift in Sources */ = {isa = PBXBuildFile; fileRef = E27EBAA627B1542200FA7D46 /* AddContactViewController.swift */; };
		E27EBAA927B1544300FA7D46 /* UpdateContactViewController.swift in Sources */ = {isa = PBXBuildFile; fileRef = E27EBAA827B1544300FA7D46 /* UpdateContactViewController.swift */; };
		E27EBAAB27B1546800FA7D46 /* DetailContactViewController.swift in Sources */ = {isa = PBXBuildFile; fileRef = E27EBAAA27B1546800FA7D46 /* DetailContactViewController.swift */; };
/* End PBXBuildFile section */

/* Begin PBXFileReference section */
		E24EE2A927B3AF9500503EF0 /* Kisiler.swift */ = {isa = PBXFileReference; lastKnownFileType = sourcecode.swift; path = Kisiler.swift; sourceTree = "<group>"; };
		E24EE2AB27B3AFEA00503EF0 /* KisilerDao.swift */ = {isa = PBXFileReference; lastKnownFileType = sourcecode.swift; path = KisilerDao.swift; sourceTree = "<group>"; };
		E24EE2B027B3B4C500503EF0 /* ContactsApp-Bridging-Header.h */ = {isa = PBXFileReference; lastKnownFileType = sourcecode.c.h; path = "ContactsApp-Bridging-Header.h"; sourceTree = "<group>"; };
		E24EE2B127B3B4C500503EF0 /* FMDatabasePool.m */ = {isa = PBXFileReference; fileEncoding = 4; lastKnownFileType = sourcecode.c.objc; path = FMDatabasePool.m; sourceTree = "<group>"; };
		E24EE2B227B3B4C500503EF0 /* FMDatabaseAdditions.h */ = {isa = PBXFileReference; fileEncoding = 4; lastKnownFileType = sourcecode.c.h; path = FMDatabaseAdditions.h; sourceTree = "<group>"; };
		E24EE2B327B3B4C500503EF0 /* FMDatabaseQueue.m */ = {isa = PBXFileReference; fileEncoding = 4; lastKnownFileType = sourcecode.c.objc; path = FMDatabaseQueue.m; sourceTree = "<group>"; };
		E24EE2B427B3B4C500503EF0 /* FMResultSet.m */ = {isa = PBXFileReference; fileEncoding = 4; lastKnownFileType = sourcecode.c.objc; path = FMResultSet.m; sourceTree = "<group>"; };
		E24EE2B527B3B4C500503EF0 /* FMDatabase.h */ = {isa = PBXFileReference; fileEncoding = 4; lastKnownFileType = sourcecode.c.h; path = FMDatabase.h; sourceTree = "<group>"; };
		E24EE2B627B3B4C500503EF0 /* FMDatabaseQueue.h */ = {isa = PBXFileReference; fileEncoding = 4; lastKnownFileType = sourcecode.c.h; path = FMDatabaseQueue.h; sourceTree = "<group>"; };
		E24EE2B727B3B4C500503EF0 /* FMResultSet.h */ = {isa = PBXFileReference; fileEncoding = 4; lastKnownFileType = sourcecode.c.h; path = FMResultSet.h; sourceTree = "<group>"; };
		E24EE2B827B3B4C500503EF0 /* FMDatabaseAdditions.m */ = {isa = PBXFileReference; fileEncoding = 4; lastKnownFileType = sourcecode.c.objc; path = FMDatabaseAdditions.m; sourceTree = "<group>"; };
		E24EE2B927B3B4C500503EF0 /* FMDatabasePool.h */ = {isa = PBXFileReference; fileEncoding = 4; lastKnownFileType = sourcecode.c.h; path = FMDatabasePool.h; sourceTree = "<group>"; };
		E24EE2BA27B3B4C500503EF0 /* FMDB.h */ = {isa = PBXFileReference; fileEncoding = 4; lastKnownFileType = sourcecode.c.h; path = FMDB.h; sourceTree = "<group>"; };
		E24EE2BB27B3B4C500503EF0 /* FMDatabase.m */ = {isa = PBXFileReference; fileEncoding = 4; lastKnownFileType = sourcecode.c.objc; path = FMDatabase.m; sourceTree = "<group>"; };
		E24EE2C127B3B4E600503EF0 /* kisiler.sqlite */ = {isa = PBXFileReference; lastKnownFileType = file; path = kisiler.sqlite; sourceTree = "<group>"; };
		E27EBA8A27B151A200FA7D46 /* ContactsApp.app */ = {isa = PBXFileReference; explicitFileType = wrapper.application; includeInIndex = 0; path = ContactsApp.app; sourceTree = BUILT_PRODUCTS_DIR; };
		E27EBA8D27B151A200FA7D46 /* AppDelegate.swift */ = {isa = PBXFileReference; lastKnownFileType = sourcecode.swift; path = AppDelegate.swift; sourceTree = "<group>"; };
		E27EBA8F27B151A200FA7D46 /* SceneDelegate.swift */ = {isa = PBXFileReference; lastKnownFileType = sourcecode.swift; path = SceneDelegate.swift; sourceTree = "<group>"; };
		E27EBA9127B151A200FA7D46 /* ViewController.swift */ = {isa = PBXFileReference; lastKnownFileType = sourcecode.swift; path = ViewController.swift; sourceTree = "<group>"; };
		E27EBA9427B151A200FA7D46 /* Base */ = {isa = PBXFileReference; lastKnownFileType = file.storyboard; name = Base; path = Base.lproj/Main.storyboard; sourceTree = "<group>"; };
		E27EBA9927B151A200FA7D46 /* Assets.xcassets */ = {isa = PBXFileReference; lastKnownFileType = folder.assetcatalog; path = Assets.xcassets; sourceTree = "<group>"; };
		E27EBA9C27B151A200FA7D46 /* Base */ = {isa = PBXFileReference; lastKnownFileType = file.storyboard; name = Base; path = Base.lproj/LaunchScreen.storyboard; sourceTree = "<group>"; };
		E27EBA9E27B151A200FA7D46 /* Info.plist */ = {isa = PBXFileReference; lastKnownFileType = text.plist.xml; path = Info.plist; sourceTree = "<group>"; };
		E27EBAA427B1528A00FA7D46 /* ContactTableViewCell.swift */ = {isa = PBXFileReference; lastKnownFileType = sourcecode.swift; path = ContactTableViewCell.swift; sourceTree = "<group>"; };
		E27EBAA627B1542200FA7D46 /* AddContactViewController.swift */ = {isa = PBXFileReference; lastKnownFileType = sourcecode.swift; path = AddContactViewController.swift; sourceTree = "<group>"; };
		E27EBAA827B1544300FA7D46 /* UpdateContactViewController.swift */ = {isa = PBXFileReference; lastKnownFileType = sourcecode.swift; path = UpdateContactViewController.swift; sourceTree = "<group>"; };
		E27EBAAA27B1546800FA7D46 /* DetailContactViewController.swift */ = {isa = PBXFileReference; lastKnownFileType = sourcecode.swift; path = DetailContactViewController.swift; sourceTree = "<group>"; };
/* End PBXFileReference section */

/* Begin PBXFrameworksBuildPhase section */
		E27EBA8727B151A200FA7D46 /* Frameworks */ = {
			isa = PBXFrameworksBuildPhase;
			buildActionMask = 2147483647;
			files = (
			);
			runOnlyForDeploymentPostprocessing = 0;
		};
/* End PBXFrameworksBuildPhase section */

/* Begin PBXGroup section */
		E27EBA8127B151A200FA7D46 = {
			isa = PBXGroup;
			children = (
				E27EBA8C27B151A200FA7D46 /* ContactsApp */,
				E27EBA8B27B151A200FA7D46 /* Products */,
			);
			sourceTree = "<group>";
		};
		E27EBA8B27B151A200FA7D46 /* Products */ = {
			isa = PBXGroup;
			children = (
				E27EBA8A27B151A200FA7D46 /* ContactsApp.app */,
			);
			name = Products;
			sourceTree = "<group>";
		};
		E27EBA8C27B151A200FA7D46 /* ContactsApp */ = {
			isa = PBXGroup;
			children = (
				E24EE2C127B3B4E600503EF0 /* kisiler.sqlite */,
				E27EBA8D27B151A200FA7D46 /* AppDelegate.swift */,
				E27EBA8F27B151A200FA7D46 /* SceneDelegate.swift */,
				E27EBA9127B151A200FA7D46 /* ViewController.swift */,
				E27EBA9327B151A200FA7D46 /* Main.storyboard */,
				E27EBA9927B151A200FA7D46 /* Assets.xcassets */,
				E27EBA9B27B151A200FA7D46 /* LaunchScreen.storyboard */,
				E27EBA9E27B151A200FA7D46 /* Info.plist */,
				E27EBAA427B1528A00FA7D46 /* ContactTableViewCell.swift */,
				E27EBAA627B1542200FA7D46 /* AddContactViewController.swift */,
				E27EBAA827B1544300FA7D46 /* UpdateContactViewController.swift */,
				E27EBAAA27B1546800FA7D46 /* DetailContactViewController.swift */,
				E24EE2A927B3AF9500503EF0 /* Kisiler.swift */,
				E24EE2AB27B3AFEA00503EF0 /* KisilerDao.swift */,
				E24EE2B527B3B4C500503EF0 /* FMDatabase.h */,
				E24EE2BB27B3B4C500503EF0 /* FMDatabase.m */,
				E24EE2B227B3B4C500503EF0 /* FMDatabaseAdditions.h */,
				E24EE2B827B3B4C500503EF0 /* FMDatabaseAdditions.m */,
				E24EE2B927B3B4C500503EF0 /* FMDatabasePool.h */,
				E24EE2B127B3B4C500503EF0 /* FMDatabasePool.m */,
				E24EE2B627B3B4C500503EF0 /* FMDatabaseQueue.h */,
				E24EE2B327B3B4C500503EF0 /* FMDatabaseQueue.m */,
				E24EE2BA27B3B4C500503EF0 /* FMDB.h */,
				E24EE2B727B3B4C500503EF0 /* FMResultSet.h */,
				E24EE2B427B3B4C500503EF0 /* FMResultSet.m */,
				E24EE2B027B3B4C500503EF0 /* ContactsApp-Bridging-Header.h */,
			);
			path = ContactsApp;
			sourceTree = "<group>";
		};
/* End PBXGroup section */

/* Begin PBXNativeTarget section */
		E27EBA8927B151A200FA7D46 /* ContactsApp */ = {
			isa = PBXNativeTarget;
			buildConfigurationList = E27EBAA127B151A200FA7D46 /* Build configuration list for PBXNativeTarget "ContactsApp" */;
			buildPhases = (
				E27EBA8627B151A200FA7D46 /* Sources */,
				E27EBA8727B151A200FA7D46 /* Frameworks */,
				E27EBA8827B151A200FA7D46 /* Resources */,
			);
			buildRules = (
			);
			dependencies = (
			);
			name = ContactsApp;
			productName = ContactsApp;
			productReference = E27EBA8A27B151A200FA7D46 /* ContactsApp.app */;
			productType = "com.apple.product-type.application";
		};
/* End PBXNativeTarget section */

/* Begin PBXProject section */
		E27EBA8227B151A200FA7D46 /* Project object */ = {
			isa = PBXProject;
			attributes = {
				BuildIndependentTargetsInParallel = 1;
				LastSwiftUpdateCheck = 1320;
				LastUpgradeCheck = 1320;
				TargetAttributes = {
					E27EBA8927B151A200FA7D46 = {
						CreatedOnToolsVersion = 13.2.1;
						LastSwiftMigration = 1320;
					};
				};
			};
			buildConfigurationList = E27EBA8527B151A200FA7D46 /* Build configuration list for PBXProject "ContactsApp" */;
			compatibilityVersion = "Xcode 13.0";
			developmentRegion = en;
			hasScannedForEncodings = 0;
			knownRegions = (
				en,
				Base,
			);
			mainGroup = E27EBA8127B151A200FA7D46;
			productRefGroup = E27EBA8B27B151A200FA7D46 /* Products */;
			projectDirPath = "";
			projectRoot = "";
			targets = (
				E27EBA8927B151A200FA7D46 /* ContactsApp */,
			);
		};
/* End PBXProject section */

/* Begin PBXResourcesBuildPhase section */
		E27EBA8827B151A200FA7D46 /* Resources */ = {
			isa = PBXResourcesBuildPhase;
			buildActionMask = 2147483647;
			files = (
				E27EBA9D27B151A200FA7D46 /* LaunchScreen.storyboard in Resources */,
				E24EE2C227B3B4E600503EF0 /* kisiler.sqlite in Resources */,
				E27EBA9A27B151A200FA7D46 /* Assets.xcassets in Resources */,
				E27EBA9527B151A200FA7D46 /* Main.storyboard in Resources */,
			);
			runOnlyForDeploymentPostprocessing = 0;
		};
/* End PBXResourcesBuildPhase section */

/* Begin PBXSourcesBuildPhase section */
		E27EBA8627B151A200FA7D46 /* Sources */ = {
			isa = PBXSourcesBuildPhase;
			buildActionMask = 2147483647;
			files = (
				E27EBAA527B1528A00FA7D46 /* ContactTableViewCell.swift in Sources */,
				E27EBA9227B151A200FA7D46 /* ViewController.swift in Sources */,
				E24EE2C027B3B4C500503EF0 /* FMDatabase.m in Sources */,
				E27EBAA727B1542200FA7D46 /* AddContactViewController.swift in Sources */,
				E27EBA8E27B151A200FA7D46 /* AppDelegate.swift in Sources */,
				E24EE2BF27B3B4C500503EF0 /* FMDatabaseAdditions.m in Sources */,
				E24EE2BD27B3B4C500503EF0 /* FMDatabaseQueue.m in Sources */,
				E24EE2BE27B3B4C500503EF0 /* FMResultSet.m in Sources */,
				E24EE2BC27B3B4C500503EF0 /* FMDatabasePool.m in Sources */,
				E27EBA9027B151A200FA7D46 /* SceneDelegate.swift in Sources */,
				E24EE2AC27B3AFEA00503EF0 /* KisilerDao.swift in Sources */,
				E27EBAAB27B1546800FA7D46 /* DetailContactViewController.swift in Sources */,
				E27EBAA927B1544300FA7D46 /* UpdateContactViewController.swift in Sources */,
				E24EE2AA27B3AF9500503EF0 /* Kisiler.swift in Sources */,
			);
			runOnlyForDeploymentPostprocessing = 0;
		};
/* End PBXSourcesBuildPhase section */

/* Begin PBXVariantGroup section */
		E27EBA9327B151A200FA7D46 /* Main.storyboard */ = {
			isa = PBXVariantGroup;
			children = (
				E27EBA9427B151A200FA7D46 /* Base */,
			);
			name = Main.storyboard;
			sourceTree = "<group>";
		};
		E27EBA9B27B151A200FA7D46 /* LaunchScreen.storyboard */ = {
			isa = PBXVariantGroup;
			children = (
				E27EBA9C27B151A200FA7D46 /* Base */,
			);
			name = LaunchScreen.storyboard;
			sourceTree = "<group>";
		};
/* End PBXVariantGroup section */

/* Begin XCBuildConfiguration section */
		E27EBA9F27B151A200FA7D46 /* Debug */ = {
			isa = XCBuildConfiguration;
			buildSettings = {
				ALWAYS_SEARCH_USER_PATHS = NO;
				CLANG_ANALYZER_NONNULL = YES;
				CLANG_ANALYZER_NUMBER_OBJECT_CONVERSION = YES_AGGRESSIVE;
				CLANG_CXX_LANGUAGE_STANDARD = "gnu++17";
				CLANG_CXX_LIBRARY = "libc++";
				CLANG_ENABLE_MODULES = YES;
				CLANG_ENABLE_OBJC_ARC = YES;
				CLANG_ENABLE_OBJC_WEAK = YES;
				CLANG_WARN_BLOCK_CAPTURE_AUTORELEASING = YES;
				CLANG_WARN_BOOL_CONVERSION = YES;
				CLANG_WARN_COMMA = YES;
				CLANG_WARN_CONSTANT_CONVERSION = YES;
				CLANG_WARN_DEPRECATED_OBJC_IMPLEMENTATIONS = YES;
				CLANG_WARN_DIRECT_OBJC_ISA_USAGE = YES_ERROR;
				CLANG_WARN_DOCUMENTATION_COMMENTS = YES;
				CLANG_WARN_EMPTY_BODY = YES;
				CLANG_WARN_ENUM_CONVERSION = YES;
				CLANG_WARN_INFINITE_RECURSION = YES;
				CLANG_WARN_INT_CONVERSION = YES;
				CLANG_WARN_NON_LITERAL_NULL_CONVERSION = YES;
				CLANG_WARN_OBJC_IMPLICIT_RETAIN_SELF = YES;
				CLANG_WARN_OBJC_LITERAL_CONVERSION = YES;
				CLANG_WARN_OBJC_ROOT_CLASS = YES_ERROR;
				CLANG_WARN_QUOTED_INCLUDE_IN_FRAMEWORK_HEADER = YES;
				CLANG_WARN_RANGE_LOOP_ANALYSIS = YES;
				CLANG_WARN_STRICT_PROTOTYPES = YES;
				CLANG_WARN_SUSPICIOUS_MOVE = YES;
				CLANG_WARN_UNGUARDED_AVAILABILITY = YES_AGGRESSIVE;
				CLANG_WARN_UNREACHABLE_CODE = YES;
				CLANG_WARN__DUPLICATE_METHOD_MATCH = YES;
				COPY_PHASE_STRIP = NO;
				DEBUG_INFORMATION_FORMAT = dwarf;
				ENABLE_STRICT_OBJC_MSGSEND = YES;
				ENABLE_TESTABILITY = YES;
				GCC_C_LANGUAGE_STANDARD = gnu11;
				GCC_DYNAMIC_NO_PIC = NO;
				GCC_NO_COMMON_BLOCKS = YES;
				GCC_OPTIMIZATION_LEVEL = 0;
				GCC_PREPROCESSOR_DEFINITIONS = (
					"DEBUG=1",
					"$(inherited)",
				);
				GCC_WARN_64_TO_32_BIT_CONVERSION = YES;
				GCC_WARN_ABOUT_RETURN_TYPE = YES_ERROR;
				GCC_WARN_UNDECLARED_SELECTOR = YES;
				GCC_WARN_UNINITIALIZED_AUTOS = YES_AGGRESSIVE;
				GCC_WARN_UNUSED_FUNCTION = YES;
				GCC_WARN_UNUSED_VARIABLE = YES;
				IPHONEOS_DEPLOYMENT_TARGET = 15.2;
				MTL_ENABLE_DEBUG_INFO = INCLUDE_SOURCE;
				MTL_FAST_MATH = YES;
				ONLY_ACTIVE_ARCH = YES;
				SDKROOT = iphoneos;
				SWIFT_ACTIVE_COMPILATION_CONDITIONS = DEBUG;
				SWIFT_OPTIMIZATION_LEVEL = "-Onone";
			};
			name = Debug;
		};
		E27EBAA027B151A200FA7D46 /* Release */ = {
			isa = XCBuildConfiguration;
			buildSettings = {
				ALWAYS_SEARCH_USER_PATHS = NO;
				CLANG_ANALYZER_NONNULL = YES;
				CLANG_ANALYZER_NUMBER_OBJECT_CONVERSION = YES_AGGRESSIVE;
				CLANG_CXX_LANGUAGE_STANDARD = "gnu++17";
				CLANG_CXX_LIBRARY = "libc++";
				CLANG_ENABLE_MODULES = YES;
				CLANG_ENABLE_OBJC_ARC = YES;
				CLANG_ENABLE_OBJC_WEAK = YES;
				CLANG_WARN_BLOCK_CAPTURE_AUTORELEASING = YES;
				CLANG_WARN_BOOL_CONVERSION = YES;
				CLANG_WARN_COMMA = YES;
				CLANG_WARN_CONSTANT_CONVERSION = YES;
				CLANG_WARN_DEPRECATED_OBJC_IMPLEMENTATIONS = YES;
				CLANG_WARN_DIRECT_OBJC_ISA_USAGE = YES_ERROR;
				CLANG_WARN_DOCUMENTATION_COMMENTS = YES;
				CLANG_WARN_EMPTY_BODY = YES;
				CLANG_WARN_ENUM_CONVERSION = YES;
				CLANG_WARN_INFINITE_RECURSION = YES;
				CLANG_WARN_INT_CONVERSION = YES;
				CLANG_WARN_NON_LITERAL_NULL_CONVERSION = YES;
				CLANG_WARN_OBJC_IMPLICIT_RETAIN_SELF = YES;
				CLANG_WARN_OBJC_LITERAL_CONVERSION = YES;
				CLANG_WARN_OBJC_ROOT_CLASS = YES_ERROR;
				CLANG_WARN_QUOTED_INCLUDE_IN_FRAMEWORK_HEADER = YES;
				CLANG_WARN_RANGE_LOOP_ANALYSIS = YES;
				CLANG_WARN_STRICT_PROTOTYPES = YES;
				CLANG_WARN_SUSPICIOUS_MOVE = YES;
				CLANG_WARN_UNGUARDED_AVAILABILITY = YES_AGGRESSIVE;
				CLANG_WARN_UNREACHABLE_CODE = YES;
				CLANG_WARN__DUPLICATE_METHOD_MATCH = YES;
				COPY_PHASE_STRIP = NO;
				DEBUG_INFORMATION_FORMAT = "dwarf-with-dsym";
				ENABLE_NS_ASSERTIONS = NO;
				ENABLE_STRICT_OBJC_MSGSEND = YES;
				GCC_C_LANGUAGE_STANDARD = gnu11;
				GCC_NO_COMMON_BLOCKS = YES;
				GCC_WARN_64_TO_32_BIT_CONVERSION = YES;
				GCC_WARN_ABOUT_RETURN_TYPE = YES_ERROR;
				GCC_WARN_UNDECLARED_SELECTOR = YES;
				GCC_WARN_UNINITIALIZED_AUTOS = YES_AGGRESSIVE;
				GCC_WARN_UNUSED_FUNCTION = YES;
				GCC_WARN_UNUSED_VARIABLE = YES;
				IPHONEOS_DEPLOYMENT_TARGET = 15.2;
				MTL_ENABLE_DEBUG_INFO = NO;
				MTL_FAST_MATH = YES;
				SDKROOT = iphoneos;
				SWIFT_COMPILATION_MODE = wholemodule;
				SWIFT_OPTIMIZATION_LEVEL = "-O";
				VALIDATE_PRODUCT = YES;
			};
			name = Release;
		};
		E27EBAA227B151A200FA7D46 /* Debug */ = {
			isa = XCBuildConfiguration;
			buildSettings = {
				ASSETCATALOG_COMPILER_APPICON_NAME = AppIcon;
				ASSETCATALOG_COMPILER_GLOBAL_ACCENT_COLOR_NAME = AccentColor;
				CLANG_ENABLE_MODULES = YES;
				CODE_SIGN_STYLE = Automatic;
				CURRENT_PROJECT_VERSION = 1;
				GENERATE_INFOPLIST_FILE = YES;
				INFOPLIST_FILE = ContactsApp/Info.plist;
				INFOPLIST_KEY_UIApplicationSupportsIndirectInputEvents = YES;
				INFOPLIST_KEY_UILaunchStoryboardName = LaunchScreen;
				INFOPLIST_KEY_UIMainStoryboardFile = Main;
				INFOPLIST_KEY_UISupportedInterfaceOrientations_iPad = "UIInterfaceOrientationPortrait UIInterfaceOrientationPortraitUpsideDown UIInterfaceOrientationLandscapeLeft UIInterfaceOrientationLandscapeRight";
				INFOPLIST_KEY_UISupportedInterfaceOrientations_iPhone = "UIInterfaceOrientationPortrait UIInterfaceOrientationLandscapeLeft UIInterfaceOrientationLandscapeRight";
				LD_RUNPATH_SEARCH_PATHS = (
					"$(inherited)",
					"@executable_path/Frameworks",
				);
				MARKETING_VERSION = 1.0;
				PRODUCT_BUNDLE_IDENTIFIER = myzk.ContactsApp;
				PRODUCT_NAME = "$(TARGET_NAME)";
				SWIFT_EMIT_LOC_STRINGS = YES;
				SWIFT_OBJC_BRIDGING_HEADER = "ContactsApp/ContactsApp-Bridging-Header.h";
				SWIFT_OPTIMIZATION_LEVEL = "-Onone";
				SWIFT_VERSION = 5.0;
				TARGETED_DEVICE_FAMILY = "1,2";
			};
			name = Debug;
		};
		E27EBAA327B151A200FA7D46 /* Release */ = {
			isa = XCBuildConfiguration;
			buildSettings = {
				ASSETCATALOG_COMPILER_APPICON_NAME = AppIcon;
				ASSETCATALOG_COMPILER_GLOBAL_ACCENT_COLOR_NAME = AccentColor;
				CLANG_ENABLE_MODULES = YES;
				CODE_SIGN_STYLE = Automatic;
				CURRENT_PROJECT_VERSION = 1;
				GENERATE_INFOPLIST_FILE = YES;
				INFOPLIST_FILE = ContactsApp/Info.plist;
				INFOPLIST_KEY_UIApplicationSupportsIndirectInputEvents = YES;
				INFOPLIST_KEY_UILaunchStoryboardName = LaunchScreen;
				INFOPLIST_KEY_UIMainStoryboardFile = Main;
				INFOPLIST_KEY_UISupportedInterfaceOrientations_iPad = "UIInterfaceOrientationPortrait UIInterfaceOrientationPortraitUpsideDown UIInterfaceOrientationLandscapeLeft UIInterfaceOrientationLandscapeRight";
				INFOPLIST_KEY_UISupportedInterfaceOrientations_iPhone = "UIInterfaceOrientationPortrait UIInterfaceOrientationLandscapeLeft UIInterfaceOrientationLandscapeRight";
				LD_RUNPATH_SEARCH_PATHS = (
					"$(inherited)",
					"@executable_path/Frameworks",
				);
				MARKETING_VERSION = 1.0;
				PRODUCT_BUNDLE_IDENTIFIER = myzk.ContactsApp;
				PRODUCT_NAME = "$(TARGET_NAME)";
				SWIFT_EMIT_LOC_STRINGS = YES;
				SWIFT_OBJC_BRIDGING_HEADER = "ContactsApp/ContactsApp-Bridging-Header.h";
				SWIFT_VERSION = 5.0;
				TARGETED_DEVICE_FAMILY = "1,2";
			};
			name = Release;
		};
/* End XCBuildConfiguration section */

/* Begin XCConfigurationList section */
		E27EBA8527B151A200FA7D46 /* Build configuration list for PBXProject "ContactsApp" */ = {
			isa = XCConfigurationList;
			buildConfigurations = (
				E27EBA9F27B151A200FA7D46 /* Debug */,
				E27EBAA027B151A200FA7D46 /* Release */,
			);
			defaultConfigurationIsVisible = 0;
			defaultConfigurationName = Release;
		};
		E27EBAA127B151A200FA7D46 /* Build configuration list for PBXNativeTarget "ContactsApp" */ = {
			isa = XCConfigurationList;
			buildConfigurations = (
				E27EBAA227B151A200FA7D46 /* Debug */,
				E27EBAA327B151A200FA7D46 /* Release */,
			);
			defaultConfigurationIsVisible = 0;
			defaultConfigurationName = Release;
		};
/* End XCConfigurationList section */
	};
	rootObject = E27EBA8227B151A200FA7D46 /* Project object */;
}
